// !$*UTF8*$!
{
	archiveVersion = 1;
	classes = {
	};
	objectVersion = 56;
	objects = {

/* Begin PBXBuildFile section */
		84ACE8282959E0C700101F9B /* SnowSeekerApp.swift in Sources */ = {isa = PBXBuildFile; fileRef = 84ACE8272959E0C700101F9B /* SnowSeekerApp.swift */; };
		84ACE82A2959E0C700101F9B /* ContentView.swift in Sources */ = {isa = PBXBuildFile; fileRef = 84ACE8292959E0C700101F9B /* ContentView.swift */; };
		84ACE82C2959E0C800101F9B /* Assets.xcassets in Resources */ = {isa = PBXBuildFile; fileRef = 84ACE82B2959E0C800101F9B /* Assets.xcassets */; };
		84ACE82F2959E0C800101F9B /* Preview Assets.xcassets in Resources */ = {isa = PBXBuildFile; fileRef = 84ACE82E2959E0C800101F9B /* Preview Assets.xcassets */; };
		84ACE8362959F0ED00101F9B /* resorts.json in Resources */ = {isa = PBXBuildFile; fileRef = 84ACE8352959F0ED00101F9B /* resorts.json */; };
		84ACE838295A0D8E00101F9B /* Resort.swift in Sources */ = {isa = PBXBuildFile; fileRef = 84ACE837295A0D8E00101F9B /* Resort.swift */; };
		84ACE83A295A0DE400101F9B /* Bundle-Decodable.swift in Sources */ = {isa = PBXBuildFile; fileRef = 84ACE839295A0DE400101F9B /* Bundle-Decodable.swift */; };
		84ACE83C295A107B00101F9B /* WelcomeView.swift in Sources */ = {isa = PBXBuildFile; fileRef = 84ACE83B295A107B00101F9B /* WelcomeView.swift */; };
		84ACE83E295A129600101F9B /* ResortView.swift in Sources */ = {isa = PBXBuildFile; fileRef = 84ACE83D295A129600101F9B /* ResortView.swift */; };
		84ACE840295A151400101F9B /* SkiDetailsView.swift in Sources */ = {isa = PBXBuildFile; fileRef = 84ACE83F295A151400101F9B /* SkiDetailsView.swift */; };
		84ACE842295A167700101F9B /* ResortDetailsView.swift in Sources */ = {isa = PBXBuildFile; fileRef = 84ACE841295A167700101F9B /* ResortDetailsView.swift */; };
		84ACE844295A218C00101F9B /* Facility.swift in Sources */ = {isa = PBXBuildFile; fileRef = 84ACE843295A218C00101F9B /* Facility.swift */; };
		84ACE846295A267800101F9B /* Favorites.swift in Sources */ = {isa = PBXBuildFile; fileRef = 84ACE845295A267800101F9B /* Favorites.swift */; };
/* End PBXBuildFile section */

/* Begin PBXFileReference section */
		84ACE8242959E0C700101F9B /* SnowSeeker.app */ = {isa = PBXFileReference; explicitFileType = wrapper.application; includeInIndex = 0; path = SnowSeeker.app; sourceTree = BUILT_PRODUCTS_DIR; };
		84ACE8272959E0C700101F9B /* SnowSeekerApp.swift */ = {isa = PBXFileReference; lastKnownFileType = sourcecode.swift; path = SnowSeekerApp.swift; sourceTree = "<group>"; };
		84ACE8292959E0C700101F9B /* ContentView.swift */ = {isa = PBXFileReference; lastKnownFileType = sourcecode.swift; path = ContentView.swift; sourceTree = "<group>"; };
		84ACE82B2959E0C800101F9B /* Assets.xcassets */ = {isa = PBXFileReference; lastKnownFileType = folder.assetcatalog; path = Assets.xcassets; sourceTree = "<group>"; };
		84ACE82E2959E0C800101F9B /* Preview Assets.xcassets */ = {isa = PBXFileReference; lastKnownFileType = folder.assetcatalog; path = "Preview Assets.xcassets"; sourceTree = "<group>"; };
		84ACE8352959F0ED00101F9B /* resorts.json */ = {isa = PBXFileReference; fileEncoding = 4; lastKnownFileType = text.json; path = resorts.json; sourceTree = "<group>"; };
		84ACE837295A0D8E00101F9B /* Resort.swift */ = {isa = PBXFileReference; lastKnownFileType = sourcecode.swift; path = Resort.swift; sourceTree = "<group>"; };
		84ACE839295A0DE400101F9B /* Bundle-Decodable.swift */ = {isa = PBXFileReference; lastKnownFileType = sourcecode.swift; path = "Bundle-Decodable.swift"; sourceTree = "<group>"; };
		84ACE83B295A107B00101F9B /* WelcomeView.swift */ = {isa = PBXFileReference; lastKnownFileType = sourcecode.swift; path = WelcomeView.swift; sourceTree = "<group>"; };
		84ACE83D295A129600101F9B /* ResortView.swift */ = {isa = PBXFileReference; lastKnownFileType = sourcecode.swift; path = ResortView.swift; sourceTree = "<group>"; };
		84ACE83F295A151400101F9B /* SkiDetailsView.swift */ = {isa = PBXFileReference; lastKnownFileType = sourcecode.swift; path = SkiDetailsView.swift; sourceTree = "<group>"; };
		84ACE841295A167700101F9B /* ResortDetailsView.swift */ = {isa = PBXFileReference; lastKnownFileType = sourcecode.swift; path = ResortDetailsView.swift; sourceTree = "<group>"; };
		84ACE843295A218C00101F9B /* Facility.swift */ = {isa = PBXFileReference; lastKnownFileType = sourcecode.swift; path = Facility.swift; sourceTree = "<group>"; };
		84ACE845295A267800101F9B /* Favorites.swift */ = {isa = PBXFileReference; lastKnownFileType = sourcecode.swift; path = Favorites.swift; sourceTree = "<group>"; };
/* End PBXFileReference section */

/* Begin PBXFrameworksBuildPhase section */
		84ACE8212959E0C700101F9B /* Frameworks */ = {
			isa = PBXFrameworksBuildPhase;
			buildActionMask = 2147483647;
			files = (
			);
			runOnlyForDeploymentPostprocessing = 0;
		};
/* End PBXFrameworksBuildPhase section */

/* Begin PBXGroup section */
		84ACE81B2959E0C700101F9B = {
			isa = PBXGroup;
			children = (
				84ACE8262959E0C700101F9B /* SnowSeeker */,
				84ACE8252959E0C700101F9B /* Products */,
			);
			sourceTree = "<group>";
		};
		84ACE8252959E0C700101F9B /* Products */ = {
			isa = PBXGroup;
			children = (
				84ACE8242959E0C700101F9B /* SnowSeeker.app */,
			);
			name = Products;
			sourceTree = "<group>";
		};
		84ACE8262959E0C700101F9B /* SnowSeeker */ = {
			isa = PBXGroup;
			children = (
				84ACE8272959E0C700101F9B /* SnowSeekerApp.swift */,
				84ACE8292959E0C700101F9B /* ContentView.swift */,
				84ACE83F295A151400101F9B /* SkiDetailsView.swift */,
				84ACE841295A167700101F9B /* ResortDetailsView.swift */,
				84ACE83D295A129600101F9B /* ResortView.swift */,
				84ACE845295A267800101F9B /* Favorites.swift */,
				84ACE843295A218C00101F9B /* Facility.swift */,
				84ACE83B295A107B00101F9B /* WelcomeView.swift */,
				84ACE837295A0D8E00101F9B /* Resort.swift */,
				84ACE839295A0DE400101F9B /* Bundle-Decodable.swift */,
				84ACE82B2959E0C800101F9B /* Assets.xcassets */,
				84ACE8352959F0ED00101F9B /* resorts.json */,
				84ACE82D2959E0C800101F9B /* Preview Content */,
			);
			path = SnowSeeker;
			sourceTree = "<group>";
		};
		84ACE82D2959E0C800101F9B /* Preview Content */ = {
			isa = PBXGroup;
			children = (
				84ACE82E2959E0C800101F9B /* Preview Assets.xcassets */,
			);
			path = "Preview Content";
			sourceTree = "<group>";
		};
/* End PBXGroup section */

/* Begin PBXNativeTarget section */
		84ACE8232959E0C700101F9B /* SnowSeeker */ = {
			isa = PBXNativeTarget;
			buildConfigurationList = 84ACE8322959E0C800101F9B /* Build configuration list for PBXNativeTarget "SnowSeeker" */;
			buildPhases = (
				84ACE8202959E0C700101F9B /* Sources */,
				84ACE8212959E0C700101F9B /* Frameworks */,
				84ACE8222959E0C700101F9B /* Resources */,
			);
			buildRules = (
			);
			dependencies = (
			);
			name = SnowSeeker;
			productName = SnowSeeker;
			productReference = 84ACE8242959E0C700101F9B /* SnowSeeker.app */;
			productType = "com.apple.product-type.application";
		};
/* End PBXNativeTarget section */

/* Begin PBXProject section */
		84ACE81C2959E0C700101F9B /* Project object */ = {
			isa = PBXProject;
			attributes = {
				BuildIndependentTargetsInParallel = 1;
				LastSwiftUpdateCheck = 1420;
				LastUpgradeCheck = 1420;
				TargetAttributes = {
					84ACE8232959E0C700101F9B = {
						CreatedOnToolsVersion = 14.2;
					};
				};
			};
			buildConfigurationList = 84ACE81F2959E0C700101F9B /* Build configuration list for PBXProject "SnowSeeker" */;
			compatibilityVersion = "Xcode 14.0";
			developmentRegion = en;
			hasScannedForEncodings = 0;
			knownRegions = (
				en,
				Base,
			);
			mainGroup = 84ACE81B2959E0C700101F9B;
			productRefGroup = 84ACE8252959E0C700101F9B /* Products */;
			projectDirPath = "";
			projectRoot = "";
			targets = (
				84ACE8232959E0C700101F9B /* SnowSeeker */,
			);
		};
/* End PBXProject section */

/* Begin PBXResourcesBuildPhase section */
		84ACE8222959E0C700101F9B /* Resources */ = {
			isa = PBXResourcesBuildPhase;
			buildActionMask = 2147483647;
			files = (
				84ACE8362959F0ED00101F9B /* resorts.json in Resources */,
				84ACE82F2959E0C800101F9B /* Preview Assets.xcassets in Resources */,
				84ACE82C2959E0C800101F9B /* Assets.xcassets in Resources */,
			);
			runOnlyForDeploymentPostprocessing = 0;
		};
/* End PBXResourcesBuildPhase section */

/* Begin PBXSourcesBuildPhase section */
		84ACE8202959E0C700101F9B /* Sources */ = {
			isa = PBXSourcesBuildPhase;
			buildActionMask = 2147483647;
			files = (
				84ACE83C295A107B00101F9B /* WelcomeView.swift in Sources */,
				84ACE840295A151400101F9B /* SkiDetailsView.swift in Sources */,
				84ACE842295A167700101F9B /* ResortDetailsView.swift in Sources */,
				84ACE846295A267800101F9B /* Favorites.swift in Sources */,
				84ACE844295A218C00101F9B /* Facility.swift in Sources */,
				84ACE82A2959E0C700101F9B /* ContentView.swift in Sources */,
				84ACE838295A0D8E00101F9B /* Resort.swift in Sources */,
				84ACE83E295A129600101F9B /* ResortView.swift in Sources */,
				84ACE8282959E0C700101F9B /* SnowSeekerApp.swift in Sources */,
				84ACE83A295A0DE400101F9B /* Bundle-Decodable.swift in Sources */,
			);
			runOnlyForDeploymentPostprocessing = 0;
		};
/* End PBXSourcesBuildPhase section */

/* Begin XCBuildConfiguration section */
		84ACE8302959E0C800101F9B /* Debug */ = {
			isa = XCBuildConfiguration;
			buildSettings = {
				ALWAYS_SEARCH_USER_PATHS = NO;
				CLANG_ANALYZER_NONNULL = YES;
				CLANG_ANALYZER_NUMBER_OBJECT_CONVERSION = YES_AGGRESSIVE;
				CLANG_CXX_LANGUAGE_STANDARD = "gnu++20";
				CLANG_ENABLE_MODULES = YES;
				CLANG_ENABLE_OBJC_ARC = YES;
				CLANG_ENABLE_OBJC_WEAK = YES;
				CLANG_WARN_BLOCK_CAPTURE_AUTORELEASING = YES;
				CLANG_WARN_BOOL_CONVERSION = YES;
				CLANG_WARN_COMMA = YES;
				CLANG_WARN_CONSTANT_CONVERSION = YES;
				CLANG_WARN_DEPRECATED_OBJC_IMPLEMENTATIONS = YES;
				CLANG_WARN_DIRECT_OBJC_ISA_USAGE = YES_ERROR;
				CLANG_WARN_DOCUMENTATION_COMMENTS = YES;
				CLANG_WARN_EMPTY_BODY = YES;
				CLANG_WARN_ENUM_CONVERSION = YES;
				CLANG_WARN_INFINITE_RECURSION = YES;
				CLANG_WARN_INT_CONVERSION = YES;
				CLANG_WARN_NON_LITERAL_NULL_CONVERSION = YES;
				CLANG_WARN_OBJC_IMPLICIT_RETAIN_SELF = YES;
				CLANG_WARN_OBJC_LITERAL_CONVERSION = YES;
				CLANG_WARN_OBJC_ROOT_CLASS = YES_ERROR;
				CLANG_WARN_QUOTED_INCLUDE_IN_FRAMEWORK_HEADER = YES;
				CLANG_WARN_RANGE_LOOP_ANALYSIS = YES;
				CLANG_WARN_STRICT_PROTOTYPES = YES;
				CLANG_WARN_SUSPICIOUS_MOVE = YES;
				CLANG_WARN_UNGUARDED_AVAILABILITY = YES_AGGRESSIVE;
				CLANG_WARN_UNREACHABLE_CODE = YES;
				CLANG_WARN__DUPLICATE_METHOD_MATCH = YES;
				COPY_PHASE_STRIP = NO;
				DEBUG_INFORMATION_FORMAT = dwarf;
				ENABLE_STRICT_OBJC_MSGSEND = YES;
				ENABLE_TESTABILITY = YES;
				GCC_C_LANGUAGE_STANDARD = gnu11;
				GCC_DYNAMIC_NO_PIC = NO;
				GCC_NO_COMMON_BLOCKS = YES;
				GCC_OPTIMIZATION_LEVEL = 0;
				GCC_PREPROCESSOR_DEFINITIONS = (
					"DEBUG=1",
					"$(inherited)",
				);
				GCC_WARN_64_TO_32_BIT_CONVERSION = YES;
				GCC_WARN_ABOUT_RETURN_TYPE = YES_ERROR;
				GCC_WARN_UNDECLARED_SELECTOR = YES;
				GCC_WARN_UNINITIALIZED_AUTOS = YES_AGGRESSIVE;
				GCC_WARN_UNUSED_FUNCTION = YES;
				GCC_WARN_UNUSED_VARIABLE = YES;
				IPHONEOS_DEPLOYMENT_TARGET = 16.2;
				MTL_ENABLE_DEBUG_INFO = INCLUDE_SOURCE;
				MTL_FAST_MATH = YES;
				ONLY_ACTIVE_ARCH = YES;
				SDKROOT = iphoneos;
				SWIFT_ACTIVE_COMPILATION_CONDITIONS = DEBUG;
				SWIFT_OPTIMIZATION_LEVEL = "-Onone";
			};
			name = Debug;
		};
		84ACE8312959E0C800101F9B /* Release */ = {
			isa = XCBuildConfiguration;
			buildSettings = {
				ALWAYS_SEARCH_USER_PATHS = NO;
				CLANG_ANALYZER_NONNULL = YES;
				CLANG_ANALYZER_NUMBER_OBJECT_CONVERSION = YES_AGGRESSIVE;
				CLANG_CXX_LANGUAGE_STANDARD = "gnu++20";
				CLANG_ENABLE_MODULES = YES;
				CLANG_ENABLE_OBJC_ARC = YES;
				CLANG_ENABLE_OBJC_WEAK = YES;
				CLANG_WARN_BLOCK_CAPTURE_AUTORELEASING = YES;
				CLANG_WARN_BOOL_CONVERSION = YES;
				CLANG_WARN_COMMA = YES;
				CLANG_WARN_CONSTANT_CONVERSION = YES;
				CLANG_WARN_DEPRECATED_OBJC_IMPLEMENTATIONS = YES;
				CLANG_WARN_DIRECT_OBJC_ISA_USAGE = YES_ERROR;
				CLANG_WARN_DOCUMENTATION_COMMENTS = YES;
				CLANG_WARN_EMPTY_BODY = YES;
				CLANG_WARN_ENUM_CONVERSION = YES;
				CLANG_WARN_INFINITE_RECURSION = YES;
				CLANG_WARN_INT_CONVERSION = YES;
				CLANG_WARN_NON_LITERAL_NULL_CONVERSION = YES;
				CLANG_WARN_OBJC_IMPLICIT_RETAIN_SELF = YES;
				CLANG_WARN_OBJC_LITERAL_CONVERSION = YES;
				CLANG_WARN_OBJC_ROOT_CLASS = YES_ERROR;
				CLANG_WARN_QUOTED_INCLUDE_IN_FRAMEWORK_HEADER = YES;
				CLANG_WARN_RANGE_LOOP_ANALYSIS = YES;
				CLANG_WARN_STRICT_PROTOTYPES = YES;
				CLANG_WARN_SUSPICIOUS_MOVE = YES;
				CLANG_WARN_UNGUARDED_AVAILABILITY = YES_AGGRESSIVE;
				CLANG_WARN_UNREACHABLE_CODE = YES;
				CLANG_WARN__DUPLICATE_METHOD_MATCH = YES;
				COPY_PHASE_STRIP = NO;
				DEBUG_INFORMATION_FORMAT = "dwarf-with-dsym";
				ENABLE_NS_ASSERTIONS = NO;
				ENABLE_STRICT_OBJC_MSGSEND = YES;
				GCC_C_LANGUAGE_STANDARD = gnu11;
				GCC_NO_COMMON_BLOCKS = YES;
				GCC_WARN_64_TO_32_BIT_CONVERSION = YES;
				GCC_WARN_ABOUT_RETURN_TYPE = YES_ERROR;
				GCC_WARN_UNDECLARED_SELECTOR = YES;
				GCC_WARN_UNINITIALIZED_AUTOS = YES_AGGRESSIVE;
				GCC_WARN_UNUSED_FUNCTION = YES;
				GCC_WARN_UNUSED_VARIABLE = YES;
				IPHONEOS_DEPLOYMENT_TARGET = 16.2;
				MTL_ENABLE_DEBUG_INFO = NO;
				MTL_FAST_MATH = YES;
				SDKROOT = iphoneos;
				SWIFT_COMPILATION_MODE = wholemodule;
				SWIFT_OPTIMIZATION_LEVEL = "-O";
				VALIDATE_PRODUCT = YES;
			};
			name = Release;
		};
		84ACE8332959E0C800101F9B /* Debug */ = {
			isa = XCBuildConfiguration;
			buildSettings = {
				ASSETCATALOG_COMPILER_APPICON_NAME = AppIcon;
				ASSETCATALOG_COMPILER_GLOBAL_ACCENT_COLOR_NAME = AccentColor;
				CODE_SIGN_STYLE = Automatic;
				CURRENT_PROJECT_VERSION = 1;
				DEVELOPMENT_ASSET_PATHS = "\"SnowSeeker/Preview Content\"";
				DEVELOPMENT_TEAM = WV8J8M4LWD;
				ENABLE_PREVIEWS = YES;
				GENERATE_INFOPLIST_FILE = YES;
				INFOPLIST_KEY_UIApplicationSceneManifest_Generation = YES;
				INFOPLIST_KEY_UIApplicationSupportsIndirectInputEvents = YES;
				INFOPLIST_KEY_UILaunchScreen_Generation = YES;
				INFOPLIST_KEY_UISupportedInterfaceOrientations_iPad = "UIInterfaceOrientationPortrait UIInterfaceOrientationPortraitUpsideDown UIInterfaceOrientationLandscapeLeft UIInterfaceOrientationLandscapeRight";
				INFOPLIST_KEY_UISupportedInterfaceOrientations_iPhone = "UIInterfaceOrientationPortrait UIInterfaceOrientationLandscapeLeft UIInterfaceOrientationLandscapeRight";
				LD_RUNPATH_SEARCH_PATHS = (
					"$(inherited)",
					"@executable_path/Frameworks",
				);
				MARKETING_VERSION = 1.0;
				PRODUCT_BUNDLE_IDENTIFIER = com.krislaratta.SnowSeeker;
				PRODUCT_NAME = "$(TARGET_NAME)";
				SWIFT_EMIT_LOC_STRINGS = YES;
				SWIFT_VERSION = 5.0;
				TARGETED_DEVICE_FAMILY = "1,2";
			};
			name = Debug;
		};
		84ACE8342959E0C800101F9B /* Release */ = {
			isa = XCBuildConfiguration;
			buildSettings = {
				ASSETCATALOG_COMPILER_APPICON_NAME = AppIcon;
				ASSETCATALOG_COMPILER_GLOBAL_ACCENT_COLOR_NAME = AccentColor;
				CODE_SIGN_STYLE = Automatic;
				CURRENT_PROJECT_VERSION = 1;
				DEVELOPMENT_ASSET_PATHS = "\"SnowSeeker/Preview Content\"";
				DEVELOPMENT_TEAM = WV8J8M4LWD;
				ENABLE_PREVIEWS = YES;
				GENERATE_INFOPLIST_FILE = YES;
				INFOPLIST_KEY_UIApplicationSceneManifest_Generation = YES;
				INFOPLIST_KEY_UIApplicationSupportsIndirectInputEvents = YES;
				INFOPLIST_KEY_UILaunchScreen_Generation = YES;
				INFOPLIST_KEY_UISupportedInterfaceOrientations_iPad = "UIInterfaceOrientationPortrait UIInterfaceOrientationPortraitUpsideDown UIInterfaceOrientationLandscapeLeft UIInterfaceOrientationLandscapeRight";
				INFOPLIST_KEY_UISupportedInterfaceOrientations_iPhone = "UIInterfaceOrientationPortrait UIInterfaceOrientationLandscapeLeft UIInterfaceOrientationLandscapeRight";
				LD_RUNPATH_SEARCH_PATHS = (
					"$(inherited)",
					"@executable_path/Frameworks",
				);
				MARKETING_VERSION = 1.0;
				PRODUCT_BUNDLE_IDENTIFIER = com.krislaratta.SnowSeeker;
				PRODUCT_NAME = "$(TARGET_NAME)";
				SWIFT_EMIT_LOC_STRINGS = YES;
				SWIFT_VERSION = 5.0;
				TARGETED_DEVICE_FAMILY = "1,2";
			};
			name = Release;
		};
/* End XCBuildConfiguration section */

/* Begin XCConfigurationList section */
		84ACE81F2959E0C700101F9B /* Build configuration list for PBXProject "SnowSeeker" */ = {
			isa = XCConfigurationList;
			buildConfigurations = (
				84ACE8302959E0C800101F9B /* Debug */,
				84ACE8312959E0C800101F9B /* Release */,
			);
			defaultConfigurationIsVisible = 0;
			defaultConfigurationName = Release;
		};
		84ACE8322959E0C800101F9B /* Build configuration list for PBXNativeTarget "SnowSeeker" */ = {
			isa = XCConfigurationList;
			buildConfigurations = (
				84ACE8332959E0C800101F9B /* Debug */,
				84ACE8342959E0C800101F9B /* Release */,
			);
			defaultConfigurationIsVisible = 0;
			defaultConfigurationName = Release;
		};
/* End XCConfigurationList section */
	};
	rootObject = 84ACE81C2959E0C700101F9B /* Project object */;
}
